{
  "name": "release",
  "version": "1.0.0",
  "lockfileVersion": 3,
  "requires": true,
  "packages": {
    "": {
      "name": "release",
      "version": "1.0.0",
      "dependencies": {
        "@actions/core": "^1.11.1",
        "@actions/exec": "^1.1.1",
        "@actions/github": "^6.0.1",
        "conventional-changelog": "^7.2.0",
        "conventional-recommended-bump": "^11.2.0",
        "re2": "^1.24.1"
      }
    },
    "node_modules/@actions/core": {
      "version": "1.11.1",
      "resolved": "https://registry.npmjs.org/@actions/core/-/core-1.11.1.tgz",
      "integrity": "sha512-hXJCSrkwfA46Vd9Z3q4cpEpHB1rL5NG04+/rbqW9d3+CSvtB1tYe8UTpAlixa1vj0m/ULglfEK2UKxMGxCxv5A==",
      "license": "MIT",
      "dependencies": {
        "@actions/exec": "^1.1.1",
        "@actions/http-client": "^2.0.1"
      }
    },
    "node_modules/@actions/exec": {
      "version": "1.1.1",
      "resolved": "https://registry.npmjs.org/@actions/exec/-/exec-1.1.1.tgz",
      "integrity": "sha512-+sCcHHbVdk93a0XT19ECtO/gIXoxvdsgQLzb2fE2/5sIZmWQuluYyjPQtrtTHdU1YzTZ7bAPN4sITq2xi1679w==",
      "dependencies": {
        "@actions/io": "^1.0.1"
      }
    },
    "node_modules/@actions/github": {
      "version": "6.0.1",
      "resolved": "https://registry.npmjs.org/@actions/github/-/github-6.0.1.tgz",
      "integrity": "sha512-xbZVcaqD4XnQAe35qSQqskb3SqIAfRyLBrHMd/8TuL7hJSz2QtbDwnNM8zWx4zO5l2fnGtseNE3MbEvD7BxVMw==",
      "license": "MIT",
      "dependencies": {
        "@actions/http-client": "^2.2.0",
        "@octokit/core": "^5.0.1",
        "@octokit/plugin-paginate-rest": "^9.2.2",
        "@octokit/plugin-rest-endpoint-methods": "^10.4.0",
        "@octokit/request": "^8.4.1",
        "@octokit/request-error": "^5.1.1",
        "undici": "^5.28.5"
      }
    },
    "node_modules/@actions/http-client": {
      "version": "2.2.3",
      "resolved": "https://registry.npmjs.org/@actions/http-client/-/http-client-2.2.3.tgz",
      "integrity": "sha512-mx8hyJi/hjFvbPokCg4uRd4ZX78t+YyRPtnKWwIl+RzNaVuFpQHfmlGVfsKEJN8LwTCvL+DfVgAM04XaHkm6bA==",
      "license": "MIT",
      "dependencies": {
        "tunnel": "^0.0.6",
        "undici": "^5.25.4"
      }
    },
    "node_modules/@actions/io": {
      "version": "1.1.3",
      "resolved": "https://registry.npmjs.org/@actions/io/-/io-1.1.3.tgz",
      "integrity": "sha512-wi9JjgKLYS7U/z8PPbco+PvTb/nRWjeoFlJ1Qer83k/3C5PHQi28hiVdeE2kHXmIL99mQFawx8qt/JPjZilJ8Q==",
      "license": "MIT"
    },
    "node_modules/@conventional-changelog/git-client": {
      "version": "2.7.0",
      "resolved": "https://registry.npmjs.org/@conventional-changelog/git-client/-/git-client-2.7.0.tgz",
      "integrity": "sha512-j7A8/LBEQ+3rugMzPXoKYzyUPpw/0CBQCyvtTR7Lmu4olG4yRC/Tfkq79Mr3yuPs0SUitlO2HwGP3gitMJnRFw==",
      "license": "MIT",
      "dependencies": {
        "@simple-libs/child-process-utils": "^1.0.0",
        "@simple-libs/stream-utils": "^1.2.0",
        "semver": "^7.5.2"
      },
      "engines": {
        "node": ">=18"
      },
      "peerDependencies": {
        "conventional-commits-filter": "^5.0.0",
        "conventional-commits-parser": "^6.4.0"
      },
      "peerDependenciesMeta": {
        "conventional-commits-filter": {
          "optional": true
        },
        "conventional-commits-parser": {
          "optional": true
        }
      }
    },
    "node_modules/@fastify/busboy": {
      "version": "2.1.1",
      "resolved": "https://registry.npmjs.org/@fastify/busboy/-/busboy-2.1.1.tgz",
      "integrity": "sha512-vBZP4NlzfOlerQTnba4aqZoMhE/a9HY7HRqoOPaETQcSQuWEIyZMHGfVu6w9wGtGK5fED5qRs2DteVCjOH60sA==",
      "license": "MIT",
      "engines": {
        "node": ">=14"
      }
    },
    "node_modules/@isaacs/fs-minipass": {
      "version": "4.0.1",
      "resolved": "https://registry.npmjs.org/@isaacs/fs-minipass/-/fs-minipass-4.0.1.tgz",
      "integrity": "sha512-wgm9Ehl2jpeqP3zw/7mo3kRHFp5MEDhqAdwy1fTGkHAwnkGOVsgpvQhL8B5n1qlb01jV3n/bI0ZfZp5lWA1k4w==",
      "license": "ISC",
      "dependencies": {
        "minipass": "^7.0.4"
      },
      "engines": {
        "node": ">=18.0.0"
      }
    },
    "node_modules/@octokit/auth-token": {
      "version": "4.0.0",
      "resolved": "https://registry.npmjs.org/@octokit/auth-token/-/auth-token-4.0.0.tgz",
      "integrity": "sha512-tY/msAuJo6ARbK6SPIxZrPBms3xPbfwBrulZe0Wtr/DIY9lje2HeV1uoebShn6mx7SjCHif6EjMvoREj+gZ+SA==",
      "license": "MIT",
      "engines": {
        "node": ">= 18"
      }
    },
    "node_modules/@octokit/core": {
      "version": "5.2.2",
      "resolved": "https://registry.npmjs.org/@octokit/core/-/core-5.2.2.tgz",
      "integrity": "sha512-/g2d4sW9nUDJOMz3mabVQvOGhVa4e/BN/Um7yca9Bb2XTzPPnfTWHWQg+IsEYO7M3Vx+EXvaM/I2pJWIMun1bg==",
      "license": "MIT",
      "dependencies": {
        "@octokit/auth-token": "^4.0.0",
        "@octokit/graphql": "^7.1.0",
        "@octokit/request": "^8.4.1",
        "@octokit/request-error": "^5.1.1",
        "@octokit/types": "^13.0.0",
        "before-after-hook": "^2.2.0",
        "universal-user-agent": "^6.0.0"
      },
      "engines": {
        "node": ">= 18"
      }
    },
    "node_modules/@octokit/endpoint": {
      "version": "9.0.6",
      "resolved": "https://registry.npmjs.org/@octokit/endpoint/-/endpoint-9.0.6.tgz",
      "integrity": "sha512-H1fNTMA57HbkFESSt3Y9+FBICv+0jFceJFPWDePYlR/iMGrwM5ph+Dd4XRQs+8X+PUFURLQgX9ChPfhJ/1uNQw==",
      "license": "MIT",
      "dependencies": {
        "@octokit/types": "^13.1.0",
        "universal-user-agent": "^6.0.0"
      },
      "engines": {
        "node": ">= 18"
      }
    },
    "node_modules/@octokit/graphql": {
      "version": "7.1.1",
      "resolved": "https://registry.npmjs.org/@octokit/graphql/-/graphql-7.1.1.tgz",
      "integrity": "sha512-3mkDltSfcDUoa176nlGoA32RGjeWjl3K7F/BwHwRMJUW/IteSa4bnSV8p2ThNkcIcZU2umkZWxwETSSCJf2Q7g==",
      "license": "MIT",
      "dependencies": {
        "@octokit/request": "^8.4.1",
        "@octokit/types": "^13.0.0",
        "universal-user-agent": "^6.0.0"
      },
      "engines": {
        "node": ">= 18"
      }
    },
    "node_modules/@octokit/openapi-types": {
      "version": "24.2.0",
      "resolved": "https://registry.npmjs.org/@octokit/openapi-types/-/openapi-types-24.2.0.tgz",
      "integrity": "sha512-9sIH3nSUttelJSXUrmGzl7QUBFul0/mB8HRYl3fOlgHbIWG+WnYDXU3v/2zMtAvuzZ/ed00Ei6on975FhBfzrg==",
      "license": "MIT"
    },
    "node_modules/@octokit/plugin-paginate-rest": {
      "version": "9.2.2",
      "resolved": "https://registry.npmjs.org/@octokit/plugin-paginate-rest/-/plugin-paginate-rest-9.2.2.tgz",
      "integrity": "sha512-u3KYkGF7GcZnSD/3UP0S7K5XUFT2FkOQdcfXZGZQPGv3lm4F2Xbf71lvjldr8c1H3nNbF+33cLEkWYbokGWqiQ==",
      "license": "MIT",
      "dependencies": {
        "@octokit/types": "^12.6.0"
      },
      "engines": {
        "node": ">= 18"
      },
      "peerDependencies": {
        "@octokit/core": "5"
      }
    },
    "node_modules/@octokit/plugin-paginate-rest/node_modules/@octokit/openapi-types": {
      "version": "20.0.0",
      "resolved": "https://registry.npmjs.org/@octokit/openapi-types/-/openapi-types-20.0.0.tgz",
      "integrity": "sha512-EtqRBEjp1dL/15V7WiX5LJMIxxkdiGJnabzYx5Apx4FkQIFgAfKumXeYAqqJCj1s+BMX4cPFIFC4OLCR6stlnA==",
      "license": "MIT"
    },
    "node_modules/@octokit/plugin-paginate-rest/node_modules/@octokit/types": {
      "version": "12.6.0",
      "resolved": "https://registry.npmjs.org/@octokit/types/-/types-12.6.0.tgz",
      "integrity": "sha512-1rhSOfRa6H9w4YwK0yrf5faDaDTb+yLyBUKOCV4xtCDB5VmIPqd/v9yr9o6SAzOAlRxMiRiCic6JVM1/kunVkw==",
      "license": "MIT",
      "dependencies": {
        "@octokit/openapi-types": "^20.0.0"
      }
    },
    "node_modules/@octokit/plugin-rest-endpoint-methods": {
      "version": "10.4.1",
      "resolved": "https://registry.npmjs.org/@octokit/plugin-rest-endpoint-methods/-/plugin-rest-endpoint-methods-10.4.1.tgz",
      "integrity": "sha512-xV1b+ceKV9KytQe3zCVqjg+8GTGfDYwaT1ATU5isiUyVtlVAO3HNdzpS4sr4GBx4hxQ46s7ITtZrAsxG22+rVg==",
      "license": "MIT",
      "dependencies": {
        "@octokit/types": "^12.6.0"
      },
      "engines": {
        "node": ">= 18"
      },
      "peerDependencies": {
        "@octokit/core": "5"
      }
    },
    "node_modules/@octokit/plugin-rest-endpoint-methods/node_modules/@octokit/openapi-types": {
      "version": "20.0.0",
      "resolved": "https://registry.npmjs.org/@octokit/openapi-types/-/openapi-types-20.0.0.tgz",
      "integrity": "sha512-EtqRBEjp1dL/15V7WiX5LJMIxxkdiGJnabzYx5Apx4FkQIFgAfKumXeYAqqJCj1s+BMX4cPFIFC4OLCR6stlnA==",
      "license": "MIT"
    },
    "node_modules/@octokit/plugin-rest-endpoint-methods/node_modules/@octokit/types": {
      "version": "12.6.0",
      "resolved": "https://registry.npmjs.org/@octokit/types/-/types-12.6.0.tgz",
      "integrity": "sha512-1rhSOfRa6H9w4YwK0yrf5faDaDTb+yLyBUKOCV4xtCDB5VmIPqd/v9yr9o6SAzOAlRxMiRiCic6JVM1/kunVkw==",
      "license": "MIT",
      "dependencies": {
        "@octokit/openapi-types": "^20.0.0"
      }
    },
    "node_modules/@octokit/request": {
      "version": "8.4.1",
      "resolved": "https://registry.npmjs.org/@octokit/request/-/request-8.4.1.tgz",
      "integrity": "sha512-qnB2+SY3hkCmBxZsR/MPCybNmbJe4KAlfWErXq+rBKkQJlbjdJeS85VI9r8UqeLYLvnAenU8Q1okM/0MBsAGXw==",
      "license": "MIT",
      "dependencies": {
        "@octokit/endpoint": "^9.0.6",
        "@octokit/request-error": "^5.1.1",
        "@octokit/types": "^13.1.0",
        "universal-user-agent": "^6.0.0"
      },
      "engines": {
        "node": ">= 18"
      }
    },
    "node_modules/@octokit/request-error": {
      "version": "5.1.1",
      "resolved": "https://registry.npmjs.org/@octokit/request-error/-/request-error-5.1.1.tgz",
      "integrity": "sha512-v9iyEQJH6ZntoENr9/yXxjuezh4My67CBSu9r6Ve/05Iu5gNgnisNWOsoJHTP6k0Rr0+HQIpnH+kyammu90q/g==",
      "license": "MIT",
      "dependencies": {
        "@octokit/types": "^13.1.0",
        "deprecation": "^2.0.0",
        "once": "^1.4.0"
      },
      "engines": {
        "node": ">= 18"
      }
    },
    "node_modules/@octokit/types": {
      "version": "13.10.0",
      "resolved": "https://registry.npmjs.org/@octokit/types/-/types-13.10.0.tgz",
      "integrity": "sha512-ifLaO34EbbPj0Xgro4G5lP5asESjwHracYJvVaPIyXMuiuXLlhic3S47cBdTb+jfODkTE5YtGCLt3Ay3+J97sA==",
      "license": "MIT",
      "dependencies": {
        "@octokit/openapi-types": "^24.2.0"
      }
    },
    "node_modules/@simple-libs/child-process-utils": {
      "version": "1.0.1",
      "resolved": "https://registry.npmjs.org/@simple-libs/child-process-utils/-/child-process-utils-1.0.1.tgz",
      "integrity": "sha512-3nWd8irxvDI6v856wpPCHZ+08iQR0oHTZfzAZmnbsLzf+Sf1odraP6uKOHDZToXq3RPRV/LbqGVlSCogm9cJjg==",
      "license": "MIT",
      "dependencies": {
        "@simple-libs/stream-utils": "^1.1.0",
        "@types/node": "^22.0.0"
      },
      "engines": {
        "node": ">=18"
      },
      "funding": {
        "url": "https://ko-fi.com/dangreen"
      }
    },
    "node_modules/@simple-libs/hosted-git-info": {
      "version": "1.0.2",
      "resolved": "https://registry.npmjs.org/@simple-libs/hosted-git-info/-/hosted-git-info-1.0.2.tgz",
      "integrity": "sha512-aAmGQdMH+ZinytKuA2832u0ATeOFNYNk4meBEXtB5xaPotUgggYNhq5tYU/v17wEbmTW5P9iHNqNrFyrhnqBAg==",
      "license": "MIT",
      "engines": {
        "node": ">=18"
      },
      "funding": {
        "url": "https://ko-fi.com/dangreen"
      }
    },
    "node_modules/@simple-libs/stream-utils": {
      "version": "1.2.0",
      "resolved": "https://registry.npmjs.org/@simple-libs/stream-utils/-/stream-utils-1.2.0.tgz",
      "integrity": "sha512-KxXvfapcixpz6rVEB6HPjOUZT22yN6v0vI0urQSk1L8MlEWPDFCZkhw2xmkyoTGYeFw7tWTZd7e3lVzRZRN/EA==",
      "license": "MIT",
      "engines": {
        "node": ">=18"
      },
      "funding": {
        "url": "https://ko-fi.com/dangreen"
      }
    },
    "node_modules/@types/node": {
      "version": "22.18.0",
      "resolved": "https://registry.npmjs.org/@types/node/-/node-22.18.0.tgz",
      "integrity": "sha512-m5ObIqwsUp6BZzyiy4RdZpzWGub9bqLJMvZDD0QMXhxjqMHMENlj+SqF5QxoUwaQNFe+8kz8XM8ZQhqkQPTgMQ==",
      "license": "MIT",
      "dependencies": {
        "undici-types": "~6.21.0"
      }
    },
    "node_modules/@types/normalize-package-data": {
      "version": "2.4.4",
      "resolved": "https://registry.npmjs.org/@types/normalize-package-data/-/normalize-package-data-2.4.4.tgz",
      "integrity": "sha512-37i+OaWTh9qeK4LSHPsyRC7NahnGotNuZvjLSgcPzblpHB3rrCJxAOgI5gCdKm7coonsaX1Of0ILiTcnZjbfxA==",
      "license": "MIT"
    },
    "node_modules/abbrev": {
      "version": "4.0.0",
      "resolved": "https://registry.npmjs.org/abbrev/-/abbrev-4.0.0.tgz",
      "integrity": "sha512-a1wflyaL0tHtJSmLSOVybYhy22vRih4eduhhrkcjgrWGnRfrZtovJ2FRjxuTtkkj47O/baf0R86QU5OuYpz8fA==",
      "license": "ISC",
      "engines": {
        "node": "^20.17.0 || >=22.9.0"
      }
    },
    "node_modules/before-after-hook": {
      "version": "2.2.3",
      "resolved": "https://registry.npmjs.org/before-after-hook/-/before-after-hook-2.2.3.tgz",
      "integrity": "sha512-NzUnlZexiaH/46WDhANlyR2bXRopNg4F/zuSA3OpZnllCUgRaOF2znDioDWrmbNVsuZk6l9pMquQB38cfBZwkQ==",
      "license": "Apache-2.0"
    },
    "node_modules/chownr": {
      "version": "3.0.0",
      "resolved": "https://registry.npmjs.org/chownr/-/chownr-3.0.0.tgz",
      "integrity": "sha512-+IxzY9BZOQd/XuYPRmrvEVjF/nqj5kgT4kEq7VofrDoM1MxoRjEWkrCC3EtLi59TVawxTAn+orJwFQcrqEN1+g==",
      "license": "BlueOak-1.0.0",
      "engines": {
        "node": ">=18"
      }
    },
    "node_modules/conventional-changelog": {
      "version": "7.2.0",
      "resolved": "https://registry.npmjs.org/conventional-changelog/-/conventional-changelog-7.2.0.tgz",
      "integrity": "sha512-BEdgG+vPl53EVlTTk9sZ96aagFp0AQ5pw/ggiQMy2SClLbTo1r0l+8dSg79gkLOO5DS1Lswuhp5fWn6RwE+ivg==",
      "license": "MIT",
      "dependencies": {
        "@conventional-changelog/git-client": "^2.6.0",
        "@simple-libs/hosted-git-info": "^1.0.2",
        "@types/normalize-package-data": "^2.4.4",
        "conventional-changelog-preset-loader": "^5.0.0",
        "conventional-changelog-writer": "^8.3.0",
        "conventional-commits-parser": "^6.3.0",
        "fd-package-json": "^2.0.0",
        "meow": "^13.0.0",
        "normalize-package-data": "^7.0.0"
      },
      "bin": {
        "conventional-changelog": "dist/cli/index.js"
      },
      "engines": {
        "node": ">=18"
      }
    },
    "node_modules/conventional-changelog-preset-loader": {
      "version": "5.0.0",
      "resolved": "https://registry.npmjs.org/conventional-changelog-preset-loader/-/conventional-changelog-preset-loader-5.0.0.tgz",
      "integrity": "sha512-SetDSntXLk8Jh1NOAl1Gu5uLiCNSYenB5tm0YVeZKePRIgDW9lQImromTwLa3c/Gae298tsgOM+/CYT9XAl0NA==",
      "license": "MIT",
      "engines": {
        "node": ">=18"
      }
    },
    "node_modules/conventional-changelog-writer": {
      "version": "8.4.0",
      "resolved": "https://registry.npmjs.org/conventional-changelog-writer/-/conventional-changelog-writer-8.4.0.tgz",
      "integrity": "sha512-HHBFkk1EECxxmCi4CTu091iuDpQv5/OavuCUAuZmrkWpmYfyD816nom1CvtfXJ/uYfAAjavgHvXHX291tSLK8g==",
      "license": "MIT",
      "dependencies": {
        "@simple-libs/stream-utils": "^1.2.0",
        "conventional-commits-filter": "^5.0.0",
        "handlebars": "^4.7.7",
        "meow": "^13.0.0",
        "semver": "^7.5.2"
      },
      "bin": {
        "conventional-changelog-writer": "dist/cli/index.js"
      },
      "engines": {
        "node": ">=18"
      }
    },
    "node_modules/conventional-commits-filter": {
      "version": "5.0.0",
      "resolved": "https://registry.npmjs.org/conventional-commits-filter/-/conventional-commits-filter-5.0.0.tgz",
      "integrity": "sha512-tQMagCOC59EVgNZcC5zl7XqO30Wki9i9J3acbUvkaosCT6JX3EeFwJD7Qqp4MCikRnzS18WXV3BLIQ66ytu6+Q==",
      "license": "MIT",
      "engines": {
        "node": ">=18"
      }
    },
    "node_modules/conventional-commits-parser": {
      "version": "6.4.0",
      "resolved": "https://registry.npmjs.org/conventional-commits-parser/-/conventional-commits-parser-6.4.0.tgz",
      "integrity": "sha512-tvRg7FIBNlyPzjdG8wWRlPHQJJHI7DylhtRGeU9Lq+JuoPh5BKpPRX83ZdLrvXuOSu5Eo/e7SzOQhU4Hd2Miuw==",
      "license": "MIT",
      "dependencies": {
        "@simple-libs/stream-utils": "^1.2.0",
        "meow": "^13.0.0"
      },
      "bin": {
        "conventional-commits-parser": "dist/cli/index.js"
      },
      "engines": {
        "node": ">=18"
      }
    },
    "node_modules/conventional-recommended-bump": {
      "version": "11.2.0",
      "resolved": "https://registry.npmjs.org/conventional-recommended-bump/-/conventional-recommended-bump-11.2.0.tgz",
      "integrity": "sha512-lqIdmw330QdMBgfL0e6+6q5OMKyIpy4OZNmepit6FS3GldhkG+70drZjuZ0A5NFpze5j85dlYs3GabQXl6sMHw==",
      "license": "MIT",
      "dependencies": {
        "@conventional-changelog/git-client": "^2.5.1",
        "conventional-changelog-preset-loader": "^5.0.0",
        "conventional-commits-filter": "^5.0.0",
        "conventional-commits-parser": "^6.1.0",
        "meow": "^13.0.0"
      },
      "bin": {
        "conventional-recommended-bump": "dist/cli/index.js"
      },
      "engines": {
        "node": ">=18"
      }
    },
    "node_modules/deprecation": {
      "version": "2.3.1",
      "resolved": "https://registry.npmjs.org/deprecation/-/deprecation-2.3.1.tgz",
      "integrity": "sha512-xmHIy4F3scKVwMsQ4WnVaS8bHOx0DmVwRywosKhaILI0ywMDWPtBSku2HNxRvF7jtwDRsoEwYQSfbxj8b7RlJQ==",
      "license": "ISC"
    },
    "node_modules/env-paths": {
      "version": "2.2.1",
      "resolved": "https://registry.npmjs.org/env-paths/-/env-paths-2.2.1.tgz",
      "integrity": "sha512-+h1lkLKhZMTYjog1VEpJNG7NZJWcuc2DDk/qsqSTRRCOXiLjeQ1d1/udrUGhqMxUgAlwKNZ0cf2uqan5GLuS2A==",
      "license": "MIT",
      "engines": {
        "node": ">=6"
      }
    },
    "node_modules/exponential-backoff": {
      "version": "3.1.3",
      "resolved": "https://registry.npmjs.org/exponential-backoff/-/exponential-backoff-3.1.3.tgz",
      "integrity": "sha512-ZgEeZXj30q+I0EN+CbSSpIyPaJ5HVQD18Z1m+u1FXbAeT94mr1zw50q4q6jiiC447Nl/YTcIYSAftiGqetwXCA==",
      "license": "Apache-2.0"
    },
    "node_modules/fd-package-json": {
      "version": "2.0.0",
      "resolved": "https://registry.npmjs.org/fd-package-json/-/fd-package-json-2.0.0.tgz",
      "integrity": "sha512-jKmm9YtsNXN789RS/0mSzOC1NUq9mkVd65vbSSVsKdjGvYXBuE4oWe2QOEoFeRmJg+lPuZxpmrfFclNhoRMneQ==",
      "license": "MIT",
      "dependencies": {
        "walk-up-path": "^4.0.0"
      }
    },
    "node_modules/fdir": {
      "version": "6.5.0",
      "resolved": "https://registry.npmjs.org/fdir/-/fdir-6.5.0.tgz",
      "integrity": "sha512-tIbYtZbucOs0BRGqPJkshJUYdL+SDH7dVM8gjy+ERp3WAUjLEFJE+02kanyHtwjWOnwrKYBiwAmM0p4kLJAnXg==",
      "license": "MIT",
      "engines": {
        "node": ">=12.0.0"
      },
      "peerDependencies": {
        "picomatch": "^3 || ^4"
      },
      "peerDependenciesMeta": {
        "picomatch": {
          "optional": true
        }
      }
    },
    "node_modules/graceful-fs": {
      "version": "4.2.11",
      "resolved": "https://registry.npmjs.org/graceful-fs/-/graceful-fs-4.2.11.tgz",
      "integrity": "sha512-RbJ5/jmFcNNCcDV5o9eTnBLJ/HszWV0P73bc+Ff4nS/rJj+YaS6IGyiOL0VoBYX+l1Wrl3k63h/KrH+nhJ0XvQ==",
      "license": "ISC"
    },
    "node_modules/handlebars": {
      "version": "4.7.9",
      "resolved": "https://registry.npmjs.org/handlebars/-/handlebars-4.7.9.tgz",
      "integrity": "sha512-4E71E0rpOaQuJR2A3xDZ+GM1HyWYv1clR58tC8emQNeQe3RH7MAzSbat+V0wG78LQBo6m6bzSG/L4pBuCsgnUQ==",
      "license": "MIT",
      "dependencies": {
        "minimist": "^1.2.5",
        "neo-async": "^2.6.2",
        "source-map": "^0.6.1",
        "wordwrap": "^1.0.0"
      },
      "bin": {
        "handlebars": "bin/handlebars"
      },
      "engines": {
        "node": ">=0.4.7"
      },
      "optionalDependencies": {
        "uglify-js": "^3.1.4"
      }
    },
    "node_modules/hosted-git-info": {
      "version": "8.1.0",
      "resolved": "https://registry.npmjs.org/hosted-git-info/-/hosted-git-info-8.1.0.tgz",
      "integrity": "sha512-Rw/B2DNQaPBICNXEm8balFz9a6WpZrkCGpcWFpy7nCj+NyhSdqXipmfvtmWt9xGfp0wZnBxB+iVpLmQMYt47Tw==",
      "license": "ISC",
      "dependencies": {
        "lru-cache": "^10.0.1"
      },
      "engines": {
        "node": "^18.17.0 || >=20.5.0"
      }
    },
    "node_modules/install-artifact-from-github": {
      "version": "1.6.0",
      "resolved": "https://registry.npmjs.org/install-artifact-from-github/-/install-artifact-from-github-1.6.0.tgz",
      "integrity": "sha512-wKsuzN8fy8QK7iEUqyWTQmvZ1QFGPn1xyl3/1iIIDthDjS7Hn9HoPwHlNakZirWbCsbad0lZMkr6Xfbpe1pUzw==",
      "license": "BSD-3-Clause",
      "bin": {
        "install-from-cache": "bin/install-from-cache.js",
        "save-to-github-cache": "bin/save-to-github-cache.js"
      },
      "engines": {
        "node": ">=18"
      }
    },
    "node_modules/isexe": {
      "version": "4.0.0",
      "resolved": "https://registry.npmjs.org/isexe/-/isexe-4.0.0.tgz",
      "integrity": "sha512-FFUtZMpoZ8RqHS3XeXEmHWLA4thH+ZxCv2lOiPIn1Xc7CxrqhWzNSDzD+/chS/zbYezmiwWLdQC09JdQKmthOw==",
      "license": "BlueOak-1.0.0",
      "engines": {
        "node": ">=20"
      }
    },
    "node_modules/lru-cache": {
      "version": "10.4.3",
      "resolved": "https://registry.npmjs.org/lru-cache/-/lru-cache-10.4.3.tgz",
      "integrity": "sha512-JNAzZcXrCt42VGLuYz0zfAzDfAvJWW6AfYlDBQyDV5DClI2m5sAmK+OIO7s59XfsRsWHp02jAJrRadPRGTt6SQ==",
      "license": "ISC"
    },
    "node_modules/meow": {
      "version": "13.2.0",
      "resolved": "https://registry.npmjs.org/meow/-/meow-13.2.0.tgz",
      "integrity": "sha512-pxQJQzB6djGPXh08dacEloMFopsOqGVRKFPYvPOt9XDZ1HasbgDZA74CJGreSU4G3Ak7EFJGoiH2auq+yXISgA==",
      "license": "MIT",
      "engines": {
        "node": ">=18"
      },
      "funding": {
        "url": "https://github.com/sponsors/sindresorhus"
      }
    },
    "node_modules/minimist": {
      "version": "1.2.8",
      "resolved": "https://registry.npmjs.org/minimist/-/minimist-1.2.8.tgz",
      "integrity": "sha512-2yyAR8qBkN3YuheJanUpWC5U3bb5osDywNB8RzDVlDwDHbocAJveqqj1u8+SVD7jkWT4yvsHCpWqqWqAxb0zCA==",
      "license": "MIT",
      "funding": {
        "url": "https://github.com/sponsors/ljharb"
      }
    },
    "node_modules/minipass": {
      "version": "7.1.3",
      "resolved": "https://registry.npmjs.org/minipass/-/minipass-7.1.3.tgz",
      "integrity": "sha512-tEBHqDnIoM/1rXME1zgka9g6Q2lcoCkxHLuc7ODJ5BxbP5d4c2Z5cGgtXAku59200Cx7diuHTOYfSBD8n6mm8A==",
      "license": "BlueOak-1.0.0",
      "engines": {
        "node": ">=16 || 14 >=14.17"
      }
    },
    "node_modules/minizlib": {
      "version": "3.1.0",
      "resolved": "https://registry.npmjs.org/minizlib/-/minizlib-3.1.0.tgz",
      "integrity": "sha512-KZxYo1BUkWD2TVFLr0MQoM8vUUigWD3LlD83a/75BqC+4qE0Hb1Vo5v1FgcfaNXvfXzr+5EhQ6ing/CaBijTlw==",
      "license": "MIT",
      "dependencies": {
        "minipass": "^7.1.2"
      },
      "engines": {
        "node": ">= 18"
      }
    },
    "node_modules/nan": {
      "version": "2.27.0",
      "resolved": "https://registry.npmjs.org/nan/-/nan-2.27.0.tgz",
      "integrity": "sha512-hC+0LidcL3XE4rp1C4H54KujgXKzbfyTngZTwBByQxsOxCEKZT0MPQ4hOKUH2jU1OYstqdDH4onyHPDzcV0XdQ==",
      "license": "MIT"
    },
    "node_modules/neo-async": {
      "version": "2.6.2",
      "resolved": "https://registry.npmjs.org/neo-async/-/neo-async-2.6.2.tgz",
      "integrity": "sha512-Yd3UES5mWCSqR+qNT93S3UoYUkqAZ9lLg8a7g9rimsWmYGK8cVToA4/sF3RrshdyV3sAGMXVUmpMYOw+dLpOuw==",
      "license": "MIT"
    },
    "node_modules/node-gyp": {
      "version": "12.3.0",
      "resolved": "https://registry.npmjs.org/node-gyp/-/node-gyp-12.3.0.tgz",
      "integrity": "sha512-QNcUWM+HgJplcPzBvFBZ9VXacyGZ4+VTOb80PwWR+TlVzoHbRKULNEzpRsnaoxG3Wzr7Qh7BYxGDU3CbKib2Yg==",
      "license": "MIT",
      "dependencies": {
        "env-paths": "^2.2.0",
        "exponential-backoff": "^3.1.1",
        "graceful-fs": "^4.2.6",
        "nopt": "^9.0.0",
        "proc-log": "^6.0.0",
        "semver": "^7.3.5",
        "tar": "^7.5.4",
        "tinyglobby": "^0.2.12",
        "undici": "^6.25.0",
        "which": "^6.0.0"
      },
      "bin": {
        "node-gyp": "bin/node-gyp.js"
      },
      "engines": {
        "node": "^20.17.0 || >=22.9.0"
      }
    },
    "node_modules/node-gyp/node_modules/undici": {
      "version": "6.26.0",
      "resolved": "https://registry.npmjs.org/undici/-/undici-6.26.0.tgz",
      "integrity": "sha512-4yqz8a3n5HmGTlsbADNtr/dJlhkh/55Rq798G6ibiULcXbDtaLpTl1pvdqcbFfeoj3iSi52lePFM7h9H21cw/A==",
      "license": "MIT",
      "engines": {
        "node": ">=18.17"
      }
    },
    "node_modules/nopt": {
      "version": "9.0.0",
      "resolved": "https://registry.npmjs.org/nopt/-/nopt-9.0.0.tgz",
      "integrity": "sha512-Zhq3a+yFKrYwSBluL4H9XP3m3y5uvQkB/09CwDruCiRmR/UJYnn9W4R48ry0uGC70aeTPKLynBtscP9efFFcPw==",
      "license": "ISC",
      "dependencies": {
        "abbrev": "^4.0.0"
      },
      "bin": {
        "nopt": "bin/nopt.js"
      },
      "engines": {
        "node": "^20.17.0 || >=22.9.0"
      }
    },
    "node_modules/normalize-package-data": {
      "version": "7.0.1",
      "resolved": "https://registry.npmjs.org/normalize-package-data/-/normalize-package-data-7.0.1.tgz",
      "integrity": "sha512-linxNAT6M0ebEYZOx2tO6vBEFsVgnPpv+AVjk0wJHfaUIbq31Jm3T6vvZaarnOeWDh8ShnwXuaAyM7WT3RzErA==",
      "license": "BSD-2-Clause",
      "dependencies": {
        "hosted-git-info": "^8.0.0",
        "semver": "^7.3.5",
        "validate-npm-package-license": "^3.0.4"
      },
      "engines": {
        "node": "^18.17.0 || >=20.5.0"
      }
    },
    "node_modules/once": {
      "version": "1.4.0",
      "resolved": "https://registry.npmjs.org/once/-/once-1.4.0.tgz",
      "integrity": "sha512-lNaJgI+2Q5URQBkccEKHTQOPaXdUxnZZElQTZY0MFUAuaEqe1E+Nyvgdz/aIyNi6Z9MzO5dv1H8n58/GELp3+w==",
      "license": "ISC",
      "dependencies": {
        "wrappy": "1"
      }
    },
    "node_modules/picomatch": {
      "version": "4.0.4",
      "resolved": "https://registry.npmjs.org/picomatch/-/picomatch-4.0.4.tgz",
      "integrity": "sha512-QP88BAKvMam/3NxH6vj2o21R6MjxZUAd6nlwAS/pnGvN9IVLocLHxGYIzFhg6fUQ+5th6P4dv4eW9jX3DSIj7A==",
      "license": "MIT",
      "engines": {
        "node": ">=12"
      },
      "funding": {
        "url": "https://github.com/sponsors/jonschlinkert"
      }
    },
    "node_modules/proc-log": {
      "version": "6.1.0",
      "resolved": "https://registry.npmjs.org/proc-log/-/proc-log-6.1.0.tgz",
      "integrity": "sha512-iG+GYldRf2BQ0UDUAd6JQ/RwzaQy6mXmsk/IzlYyal4A4SNFw54MeH4/tLkF4I5WoWG9SQwuqWzS99jaFQHBuQ==",
      "license": "ISC",
      "engines": {
        "node": "^20.17.0 || >=22.9.0"
      }
    },
    "node_modules/re2": {
      "version": "1.24.1",
      "resolved": "https://registry.npmjs.org/re2/-/re2-1.24.1.tgz",
      "integrity": "sha512-uRl9cLDKuobJQp+6lVz7E3AyVszubUJ0fqAMWout4ocUWTIFvdHgpqLwwMh/vuNGGGJGh2p2mJZJIQr9am9M/A==",
      "hasInstallScript": true,
      "license": "BSD-3-Clause",
      "dependencies": {
        "install-artifact-from-github": "^1.6.0",
        "nan": "^2.27.0",
        "node-gyp": "^12.3.0"
      },
      "engines": {
        "node": ">=22"
      },
      "funding": {
        "url": "https://github.com/sponsors/uhop"
      }
    },
    "node_modules/semver": {
      "version": "7.7.2",
      "resolved": "https://registry.npmjs.org/semver/-/semver-7.7.2.tgz",
      "integrity": "sha512-RF0Fw+rO5AMf9MAyaRXI4AV0Ulj5lMHqVxxdSgiVbixSCXoEmmX/jk0CuJw4+3SqroYO9VoUh+HcuJivvtJemA==",
      "license": "ISC",
      "bin": {
        "semver": "bin/semver.js"
      },
      "engines": {
        "node": ">=10"
      }
    },
    "node_modules/source-map": {
      "version": "0.6.1",
      "resolved": "https://registry.npmjs.org/source-map/-/source-map-0.6.1.tgz",
      "integrity": "sha512-UjgapumWlbMhkBgzT7Ykc5YXUT46F0iKu8SGXq0bcwP5dz/h0Plj6enJqjz1Zbq2l5WaqYnrVbwWOWMyF3F47g==",
      "license": "BSD-3-Clause",
      "engines": {
        "node": ">=0.10.0"
      }
    },
    "node_modules/spdx-correct": {
      "version": "3.2.0",
      "resolved": "https://registry.npmjs.org/spdx-correct/-/spdx-correct-3.2.0.tgz",
      "integrity": "sha512-kN9dJbvnySHULIluDHy32WHRUu3Og7B9sbY7tsFLctQkIqnMh3hErYgdMjTYuqmcXX+lK5T1lnUt3G7zNswmZA==",
      "license": "Apache-2.0",
      "dependencies": {
        "spdx-expression-parse": "^3.0.0",
        "spdx-license-ids": "^3.0.0"
      }
    },
    "node_modules/spdx-exceptions": {
      "version": "2.5.0",
      "resolved": "https://registry.npmjs.org/spdx-exceptions/-/spdx-exceptions-2.5.0.tgz",
      "integrity": "sha512-PiU42r+xO4UbUS1buo3LPJkjlO7430Xn5SVAhdpzzsPHsjbYVflnnFdATgabnLude+Cqu25p6N+g2lw/PFsa4w==",
      "license": "CC-BY-3.0"
    },
    "node_modules/spdx-expression-parse": {
      "version": "3.0.1",
      "resolved": "https://registry.npmjs.org/spdx-expression-parse/-/spdx-expression-parse-3.0.1.tgz",
      "integrity": "sha512-cbqHunsQWnJNE6KhVSMsMeH5H/L9EpymbzqTQ3uLwNCLZ1Q481oWaofqH7nO6V07xlXwY6PhQdQ2IedWx/ZK4Q==",
      "license": "MIT",
      "dependencies": {
        "spdx-exceptions": "^2.1.0",
        "spdx-license-ids": "^3.0.0"
      }
    },
    "node_modules/spdx-license-ids": {
      "version": "3.0.22",
      "resolved": "https://registry.npmjs.org/spdx-license-ids/-/spdx-license-ids-3.0.22.tgz",
      "integrity": "sha512-4PRT4nh1EImPbt2jASOKHX7PB7I+e4IWNLvkKFDxNhJlfjbYlleYQh285Z/3mPTHSAK/AvdMmw5BNNuYH8ShgQ==",
      "license": "CC0-1.0"
    },
    "node_modules/tar": {
      "version": "7.5.16",
      "resolved": "https://registry.npmjs.org/tar/-/tar-7.5.16.tgz",
      "integrity": "sha512-56adEpPMouktRlBLXiaYFFzZ/3+JXa8P9n7WbR+ibIjtviN55mEaOkiysCnPnWm+7kkui1Dn8J9l+g6zV8731w==",
      "license": "BlueOak-1.0.0",
      "dependencies": {
        "@isaacs/fs-minipass": "^4.0.0",
        "chownr": "^3.0.0",
        "minipass": "^7.1.2",
        "minizlib": "^3.1.0",
        "yallist": "^5.0.0"
      },
      "engines": {
        "node": ">=18"
      }
    },
    "node_modules/tinyglobby": {
      "version": "0.2.17",
      "resolved": "https://registry.npmjs.org/tinyglobby/-/tinyglobby-0.2.17.tgz",
      "integrity": "sha512-wXR/dYpcqKmfWpEdZjiKJOwCNFndD0DMnrW/cYjVGttEkBfVgcLFHoNrlj47mjOVic9yyNu65alsgF4NQyTa2g==",
      "license": "MIT",
      "dependencies": {
        "fdir": "^6.5.0",
        "picomatch": "^4.0.4"
      },
      "engines": {
        "node": ">=12.0.0"
      },
      "funding": {
        "url": "https://github.com/sponsors/SuperchupuDev"
      }
    },
    "node_modules/tunnel": {
      "version": "0.0.6",
      "resolved": "https://registry.npmjs.org/tunnel/-/tunnel-0.0.6.tgz",
      "integrity": "sha512-1h/Lnq9yajKY2PEbBadPXj3VxsDDu844OnaAo52UVmIzIvwwtBPIuNvkjuzBlTWpfJyUbG3ez0KSBibQkj4ojg==",
      "license": "MIT",
      "engines": {
        "node": ">=0.6.11 <=0.7.0 || >=0.7.3"
      }
    },
    "node_modules/uglify-js": {
      "version": "3.19.3",
      "resolved": "https://registry.npmjs.org/uglify-js/-/uglify-js-3.19.3.tgz",
      "integrity": "sha512-v3Xu+yuwBXisp6QYTcH4UbH+xYJXqnq2m/LtQVWKWzYc1iehYnLixoQDN9FH6/j9/oybfd6W9Ghwkl8+UMKTKQ==",
      "license": "BSD-2-Clause",
      "optional": true,
      "bin": {
        "uglifyjs": "bin/uglifyjs"
      },
      "engines": {
        "node": ">=0.8.0"
      }
    },
    "node_modules/undici": {
      "version": "5.29.0",
      "resolved": "https://registry.npmjs.org/undici/-/undici-5.29.0.tgz",
      "integrity": "sha512-raqeBD6NQK4SkWhQzeYKd1KmIG6dllBOTt55Rmkt4HtI9mwdWtJljnrXjAFUBLTSN67HWrOIZ3EPF4kjUw80Bg==",
      "license": "MIT",
      "dependencies": {
        "@fastify/busboy": "^2.0.0"
      },
      "engines": {
        "node": ">=14.0"
      }
    },
    "node_modules/undici-types": {
      "version": "6.21.0",
      "resolved": "https://registry.npmjs.org/undici-types/-/undici-types-6.21.0.tgz",
      "integrity": "sha512-iwDZqg0QAGrg9Rav5H4n0M64c3mkR59cJ6wQp+7C4nI0gsmExaedaYLNO44eT4AtBBwjbTiGPMlt2Md0T9H9JQ==",
      "license": "MIT"
    },
    "node_modules/universal-user-agent": {
      "version": "6.0.1",
      "resolved": "https://registry.npmjs.org/universal-user-agent/-/universal-user-agent-6.0.1.tgz",
      "integrity": "sha512-yCzhz6FN2wU1NiiQRogkTQszlQSlpWaw8SvVegAc+bDxbzHgh1vX8uIe8OYyMH6DwH+sdTJsgMl36+mSMdRJIQ==",
      "license": "ISC"
    },
    "node_modules/validate-npm-package-license": {
      "version": "3.0.4",
      "resolved": "https://registry.npmjs.org/validate-npm-package-license/-/validate-npm-package-license-3.0.4.tgz",
      "integrity": "sha512-DpKm2Ui/xN7/HQKCtpZxoRWBhZ9Z0kqtygG8XCgNQ8ZlDnxuQmWhj566j8fN4Cu3/JmbhsDo7fcAJq4s9h27Ew==",
      "license": "Apache-2.0",
      "dependencies": {
        "spdx-correct": "^3.0.0",
        "spdx-expression-parse": "^3.0.0"
      }
    },
    "node_modules/walk-up-path": {
      "version": "4.0.0",
      "resolved": "https://registry.npmjs.org/walk-up-path/-/walk-up-path-4.0.0.tgz",
      "integrity": "sha512-3hu+tD8YzSLGuFYtPRb48vdhKMi0KQV5sn+uWr8+7dMEq/2G/dtLrdDinkLjqq5TIbIBjYJ4Ax/n3YiaW7QM8A==",
      "license": "ISC",
      "engines": {
        "node": "20 || >=22"
      }
    },
    "node_modules/which": {
      "version": "6.0.1",
      "resolved": "https://registry.npmjs.org/which/-/which-6.0.1.tgz",
      "integrity": "sha512-oGLe46MIrCRqX7ytPUf66EAYvdeMIZYn3WaocqqKZAxrBpkqHfL/qvTyJ/bTk5+AqHCjXmrv3CEWgy368zhRUg==",
      "license": "ISC",
      "dependencies": {
        "isexe": "^4.0.0"
      },
      "bin": {
        "node-which": "bin/which.js"
      },
      "engines": {
        "node": "^20.17.0 || >=22.9.0"
      }
    },
    "node_modules/wordwrap": {
      "version": "1.0.0",
      "resolved": "https://registry.npmjs.org/wordwrap/-/wordwrap-1.0.0.tgz",
      "integrity": "sha512-gvVzJFlPycKc5dZN4yPkP8w7Dc37BtP1yczEneOb4uq34pXZcvrtRTmWV8W+Ume+XCxKgbjM+nevkyFPMybd4Q==",
      "license": "MIT"
    },
    "node_modules/wrappy": {
      "version": "1.0.2",
      "resolved": "https://registry.npmjs.org/wrappy/-/wrappy-1.0.2.tgz",
      "integrity": "sha512-l4Sp/DRseor9wL6EvV2+TuQn63dMkPjZ/sp9XkghTEbV9KlPS1xUsZ3u7/IQO4wxtcFB4bgpQPRcR3QCvezPcQ==",
      "license": "ISC"
    },
    "node_modules/yallist": {
      "version": "5.0.0",
      "resolved": "https://registry.npmjs.org/yallist/-/yallist-5.0.0.tgz",
      "integrity": "sha512-YgvUTfwqyc7UXVMrB+SImsVYSmTS8X/tSrtdNZMImM+n7+QTriRXyXim0mBrTXNeqzVF0KWGgHPeiyViFFrNDw==",
      "license": "BlueOak-1.0.0",
      "engines": {
        "node": ">=18"
      }
    }
  }
}
